
Microsoft Visual Studio Solution File, Format Version 12.00
# Visual Studio 2012
Project("{FAE04EC0-301F-11D3-BF4B-00C04F79EFBC}") = "DIPS.Processor", "DIPS.Processor.csproj", "{BBC18FC7-4ED1-4A6A-8E1B-E05035FF85D8}"
EndProject
Project("{FAE04EC0-301F-11D3-BF4B-00C04F79EFBC}") = "DIPS.Processor.Client", "Client\DIPS.Processor.Client.csproj", "{B3574B49-8C3C-4CD8-929C-1F767656B4EB}"
EndProject
Project("{2150E333-8FDC-42A3-9474-1A3956D46DE8}") = "Unit Tests", "Unit Tests", "{97CC0AA8-75C2-4068-8B78-F1D14CF45223}"
EndProject
Project("{FAE04EC0-301F-11D3-BF4B-00C04F79EFBC}") = "DIPS.Tests.Processor.Client", "..\..\Tests\Processor\Client\DIPS.Tests.Processor.Client.csproj", "{69B01263-3CA6-4A7E-9C0C-AB741208D728}"
EndProject
Project("{FAE04EC0-301F-11D3-BF4B-00C04F79EFBC}") = "DIPS.Tests.Processor", "..\..\Tests\Processor\Processor\DIPS.Tests.Processor.csproj", "{2D737D84-968C-4DB2-9A8F-7449F1082CDB}"
EndProject
Project("{FAE04EC0-301F-11D3-BF4B-00C04F79EFBC}") = "DIPS.Processor.Plugin", "Plugin\DIPS.Processor.Plugin.csproj", "{5BC8FE69-C985-4B78-86F2-441A82FB435F}"
EndProject
Project("{FAE04EC0-301F-11D3-BF4B-00C04F79EFBC}") = "DIPS.Tests.Processor.Plugin", "..\..\Tests\Processor\Plugin\DIPS.Tests.Processor.Plugin.csproj", "{4D5DE30D-9AD2-432E-ABC6-59F771FAF747}"
EndProject
Project("{FAE04EC0-301F-11D3-BF4B-00C04F79EFBC}") = "DIPS.Processor.Plugin.Base", "Plugin\Base\DIPS.Processor.Plugin.Base.csproj", "{B15BB8E7-5DE4-4A0D-9463-4F6F5E84296F}"
EndProject
Project("{2150E333-8FDC-42A3-9474-1A3956D46DE8}") = "Supporting Projects", "Supporting Projects", "{6720BC6B-87B9-47F3-A671-6A8AB82250D4}"
EndProject
Project("{FAE04EC0-301F-11D3-BF4B-00C04F79EFBC}") = "DIPS.Processor.XML", "Client\XML\DIPS.Processor.XML.csproj", "{E9C0CE2F-6645-41AB-AE80-2D8D63DA1A61}"
EndProject
Project("{FAE04EC0-301F-11D3-BF4B-00C04F79EFBC}") = "DIPS.Processor.Registry", "Registry\DIPS.Processor.Registry.csproj", "{3FB76655-E579-4832-A014-4B68893CF1E1}"
EndProject
Project("{FAE04EC0-301F-11D3-BF4B-00C04F79EFBC}") = "DIPS.Tests.Processor.Registry", "..\..\Tests\Processor\Registry\DIPS.Tests.Processor.Registry.csproj", "{E21A404C-7875-4099-84D6-E4C7662C49E5}"
EndProject
Project("{FAE04EC0-301F-11D3-BF4B-00C04F79EFBC}") = "DIPS.Tests.Processor.XML", "..\..\Tests\Processor\XML\DIPS.Tests.Processor.XML.csproj", "{269C58EE-287E-44AA-88DE-E6B3FEE248BE}"
EndProject
Project("{FAE04EC0-301F-11D3-BF4B-00C04F79EFBC}") = "DIPS.Compression", "..\Compression\DIPS.Compression.csproj", "{64782F97-2F28-479F-90FD-FFE55C884EEA}"
EndProject
Project("{FAE04EC0-301F-11D3-BF4B-00C04F79EFBC}") = "DIPS.Tests.Compression", "..\..\Tests\Compression\DIPS.Tests.Compression.csproj", "{F536C6C8-9FDC-4968-B6C3-4A82A3825DBF}"
EndProject
Global
	GlobalSection(SolutionConfigurationPlatforms) = preSolution
		Debug|Any CPU = Debug|Any CPU
		Release|Any CPU = Release|Any CPU
	EndGlobalSection
	GlobalSection(ProjectConfigurationPlatforms) = postSolution
		{BBC18FC7-4ED1-4A6A-8E1B-E05035FF85D8}.Debug|Any CPU.ActiveCfg = Debug|Any CPU
		{BBC18FC7-4ED1-4A6A-8E1B-E05035FF85D8}.Debug|Any CPU.Build.0 = Debug|Any CPU
		{BBC18FC7-4ED1-4A6A-8E1B-E05035FF85D8}.Release|Any CPU.ActiveCfg = Release|Any CPU
		{BBC18FC7-4ED1-4A6A-8E1B-E05035FF85D8}.Release|Any CPU.Build.0 = Release|Any CPU
		{B3574B49-8C3C-4CD8-929C-1F767656B4EB}.Debug|Any CPU.ActiveCfg = Debug|Any CPU
		{B3574B49-8C3C-4CD8-929C-1F767656B4EB}.Debug|Any CPU.Build.0 = Debug|Any CPU
		{B3574B49-8C3C-4CD8-929C-1F767656B4EB}.Release|Any CPU.ActiveCfg = Release|Any CPU
		{B3574B49-8C3C-4CD8-929C-1F767656B4EB}.Release|Any CPU.Build.0 = Release|Any CPU
		{69B01263-3CA6-4A7E-9C0C-AB741208D728}.Debug|Any CPU.ActiveCfg = Debug|Any CPU
		{69B01263-3CA6-4A7E-9C0C-AB741208D728}.Debug|Any CPU.Build.0 = Debug|Any CPU
		{69B01263-3CA6-4A7E-9C0C-AB741208D728}.Release|Any CPU.ActiveCfg = Release|Any CPU
		{69B01263-3CA6-4A7E-9C0C-AB741208D728}.Release|Any CPU.Build.0 = Release|Any CPU
		{2D737D84-968C-4DB2-9A8F-7449F1082CDB}.Debug|Any CPU.ActiveCfg = Debug|Any CPU
		{2D737D84-968C-4DB2-9A8F-7449F1082CDB}.Debug|Any CPU.Build.0 = Debug|Any CPU
		{2D737D84-968C-4DB2-9A8F-7449F1082CDB}.Release|Any CPU.ActiveCfg = Release|Any CPU
		{2D737D84-968C-4DB2-9A8F-7449F1082CDB}.Release|Any CPU.Build.0 = Release|Any CPU
		{5BC8FE69-C985-4B78-86F2-441A82FB435F}.Debug|Any CPU.ActiveCfg = Debug|Any CPU
		{5BC8FE69-C985-4B78-86F2-441A82FB435F}.Debug|Any CPU.Build.0 = Debug|Any CPU
		{5BC8FE69-C985-4B78-86F2-441A82FB435F}.Release|Any CPU.ActiveCfg = Release|Any CPU
		{5BC8FE69-C985-4B78-86F2-441A82FB435F}.Release|Any CPU.Build.0 = Release|Any CPU
		{4D5DE30D-9AD2-432E-ABC6-59F771FAF747}.Debug|Any CPU.ActiveCfg = Debug|Any CPU
		{4D5DE30D-9AD2-432E-ABC6-59F771FAF747}.Debug|Any CPU.Build.0 = Debug|Any CPU
		{4D5DE30D-9AD2-432E-ABC6-59F771FAF747}.Release|Any CPU.ActiveCfg = Release|Any CPU
		{4D5DE30D-9AD2-432E-ABC6-59F771FAF747}.Release|Any CPU.Build.0 = Release|Any CPU
		{B15BB8E7-5DE4-4A0D-9463-4F6F5E84296F}.Debug|Any CPU.ActiveCfg = Debug|Any CPU
		{B15BB8E7-5DE4-4A0D-9463-4F6F5E84296F}.Debug|Any CPU.Build.0 = Debug|Any CPU
		{B15BB8E7-5DE4-4A0D-9463-4F6F5E84296F}.Release|Any CPU.ActiveCfg = Release|Any CPU
		{B15BB8E7-5DE4-4A0D-9463-4F6F5E84296F}.Release|Any CPU.Build.0 = Release|Any CPU
		{E9C0CE2F-6645-41AB-AE80-2D8D63DA1A61}.Debug|Any CPU.ActiveCfg = Debug|Any CPU
		{E9C0CE2F-6645-41AB-AE80-2D8D63DA1A61}.Debug|Any CPU.Build.0 = Debug|Any CPU
		{E9C0CE2F-6645-41AB-AE80-2D8D63DA1A61}.Release|Any CPU.ActiveCfg = Release|Any CPU
		{E9C0CE2F-6645-41AB-AE80-2D8D63DA1A61}.Release|Any CPU.Build.0 = Release|Any CPU
		{3FB76655-E579-4832-A014-4B68893CF1E1}.Debug|Any CPU.ActiveCfg = Debug|Any CPU
		{3FB76655-E579-4832-A014-4B68893CF1E1}.Debug|Any CPU.Build.0 = Debug|Any CPU
		{3FB76655-E579-4832-A014-4B68893CF1E1}.Release|Any CPU.ActiveCfg = Release|Any CPU
		{3FB76655-E579-4832-A014-4B68893CF1E1}.Release|Any CPU.Build.0 = Release|Any CPU
		{E21A404C-7875-4099-84D6-E4C7662C49E5}.Debug|Any CPU.ActiveCfg = Debug|Any CPU
		{E21A404C-7875-4099-84D6-E4C7662C49E5}.Debug|Any CPU.Build.0 = Debug|Any CPU
		{E21A404C-7875-4099-84D6-E4C7662C49E5}.Release|Any CPU.ActiveCfg = Release|Any CPU
		{E21A404C-7875-4099-84D6-E4C7662C49E5}.Release|Any CPU.Build.0 = Release|Any CPU
		{269C58EE-287E-44AA-88DE-E6B3FEE248BE}.Debug|Any CPU.ActiveCfg = Debug|Any CPU
		{269C58EE-287E-44AA-88DE-E6B3FEE248BE}.Debug|Any CPU.Build.0 = Debug|Any CPU
		{269C58EE-287E-44AA-88DE-E6B3FEE248BE}.Release|Any CPU.ActiveCfg = Release|Any CPU
		{269C58EE-287E-44AA-88DE-E6B3FEE248BE}.Release|Any CPU.Build.0 = Release|Any CPU
		{64782F97-2F28-479F-90FD-FFE55C884EEA}.Debug|Any CPU.ActiveCfg = Debug|Any CPU
		{64782F97-2F28-479F-90FD-FFE55C884EEA}.Debug|Any CPU.Build.0 = Debug|Any CPU
		{64782F97-2F28-479F-90FD-FFE55C884EEA}.Release|Any CPU.ActiveCfg = Release|Any CPU
		{64782F97-2F28-479F-90FD-FFE55C884EEA}.Release|Any CPU.Build.0 = Release|Any CPU
		{F536C6C8-9FDC-4968-B6C3-4A82A3825DBF}.Debug|Any CPU.ActiveCfg = Debug|Any CPU
		{F536C6C8-9FDC-4968-B6C3-4A82A3825DBF}.Debug|Any CPU.Build.0 = Debug|Any CPU
		{F536C6C8-9FDC-4968-B6C3-4A82A3825DBF}.Release|Any CPU.ActiveCfg = Release|Any CPU
		{F536C6C8-9FDC-4968-B6C3-4A82A3825DBF}.Release|Any CPU.Build.0 = Release|Any CPU
	EndGlobalSection
	GlobalSection(SolutionProperties) = preSolution
		HideSolutionNode = FALSE
	EndGlobalSection
	GlobalSection(NestedProjects) = preSolution
		{69B01263-3CA6-4A7E-9C0C-AB741208D728} = {97CC0AA8-75C2-4068-8B78-F1D14CF45223}
		{2D737D84-968C-4DB2-9A8F-7449F1082CDB} = {97CC0AA8-75C2-4068-8B78-F1D14CF45223}
		{4D5DE30D-9AD2-432E-ABC6-59F771FAF747} = {97CC0AA8-75C2-4068-8B78-F1D14CF45223}
		{E21A404C-7875-4099-84D6-E4C7662C49E5} = {97CC0AA8-75C2-4068-8B78-F1D14CF45223}
		{269C58EE-287E-44AA-88DE-E6B3FEE248BE} = {97CC0AA8-75C2-4068-8B78-F1D14CF45223}
		{F536C6C8-9FDC-4968-B6C3-4A82A3825DBF} = {97CC0AA8-75C2-4068-8B78-F1D14CF45223}
		{64782F97-2F28-479F-90FD-FFE55C884EEA} = {6720BC6B-87B9-47F3-A671-6A8AB82250D4}
	EndGlobalSection
EndGlobal
