
Microsoft Visual Studio Solution File, Format Version 12.00
# Visual Studio Express 2012 for Windows Desktop
Project("{FAE04EC0-301F-11D3-BF4B-00C04F79EFBC}") = "DIPS", "DIPS.csproj", "{B5AAD62B-F212-49DB-BB36-54F186819105}"
EndProject
Project("{FAE04EC0-301F-11D3-BF4B-00C04F79EFBC}") = "DIPS.Imaging.Core", "Imaging\Core\DIPS.Imaging.Core.csproj", "{06F728CA-EB01-4B33-92E5-8F4CC5F73841}"
EndProject
Project("{FAE04EC0-301F-11D3-BF4B-00C04F79EFBC}") = "DIPS.UI", "UI\DIPS.UI.csproj", "{61E59EFC-83E6-404E-AA7F-366CFFBDA7F4}"
EndProject
Project("{FAE04EC0-301F-11D3-BF4B-00C04F79EFBC}") = "DIPS.ViewModel", "ViewModel\DIPS.ViewModel.csproj", "{AA521185-AA1A-4461-810C-B0BF60063136}"
EndProject
Project("{FAE04EC0-301F-11D3-BF4B-00C04F79EFBC}") = "DIPS.Imaging.Client", "Imaging\Client\DIPS.Imaging.Client.csproj", "{0F082ECF-CD3A-413B-BF90-755338507EDA}"
EndProject
Project("{FAE04EC0-301F-11D3-BF4B-00C04F79EFBC}") = "DIPS.Database", "Database\DIPS.Database.csproj", "{A200FC0F-F24E-4F28-B34E-88B1EBD4773C}"
EndProject
Global
	GlobalSection(SolutionConfigurationPlatforms) = preSolution
		Debug|Any CPU = Debug|Any CPU
		Debug|Mixed Platforms = Debug|Mixed Platforms
		Debug|x64 = Debug|x64
		Debug|x86 = Debug|x86
		Release|Any CPU = Release|Any CPU
		Release|Mixed Platforms = Release|Mixed Platforms
		Release|x64 = Release|x64
		Release|x86 = Release|x86
	EndGlobalSection
	GlobalSection(ProjectConfigurationPlatforms) = postSolution
		{B5AAD62B-F212-49DB-BB36-54F186819105}.Debug|Any CPU.ActiveCfg = Debug|Any CPU
		{B5AAD62B-F212-49DB-BB36-54F186819105}.Debug|Any CPU.Build.0 = Debug|Any CPU
		{B5AAD62B-F212-49DB-BB36-54F186819105}.Debug|Mixed Platforms.ActiveCfg = Debug|x86
		{B5AAD62B-F212-49DB-BB36-54F186819105}.Debug|Mixed Platforms.Build.0 = Debug|x86
		{B5AAD62B-F212-49DB-BB36-54F186819105}.Debug|x64.ActiveCfg = Debug|x64
		{B5AAD62B-F212-49DB-BB36-54F186819105}.Debug|x64.Build.0 = Debug|x64
		{B5AAD62B-F212-49DB-BB36-54F186819105}.Debug|x86.ActiveCfg = Debug|x86
		{B5AAD62B-F212-49DB-BB36-54F186819105}.Debug|x86.Build.0 = Debug|x86
		{B5AAD62B-F212-49DB-BB36-54F186819105}.Release|Any CPU.ActiveCfg = Release|Any CPU
		{B5AAD62B-F212-49DB-BB36-54F186819105}.Release|Any CPU.Build.0 = Release|Any CPU
		{B5AAD62B-F212-49DB-BB36-54F186819105}.Release|Mixed Platforms.ActiveCfg = Release|x86
		{B5AAD62B-F212-49DB-BB36-54F186819105}.Release|Mixed Platforms.Build.0 = Release|x86
		{B5AAD62B-F212-49DB-BB36-54F186819105}.Release|x64.ActiveCfg = Release|x64
		{B5AAD62B-F212-49DB-BB36-54F186819105}.Release|x64.Build.0 = Release|x64
		{B5AAD62B-F212-49DB-BB36-54F186819105}.Release|x86.ActiveCfg = Release|x86
		{B5AAD62B-F212-49DB-BB36-54F186819105}.Release|x86.Build.0 = Release|x86
		{06F728CA-EB01-4B33-92E5-8F4CC5F73841}.Debug|Any CPU.ActiveCfg = Debug|Any CPU
		{06F728CA-EB01-4B33-92E5-8F4CC5F73841}.Debug|Any CPU.Build.0 = Debug|Any CPU
		{06F728CA-EB01-4B33-92E5-8F4CC5F73841}.Debug|Mixed Platforms.ActiveCfg = Debug|x86
		{06F728CA-EB01-4B33-92E5-8F4CC5F73841}.Debug|Mixed Platforms.Build.0 = Debug|x86
		{06F728CA-EB01-4B33-92E5-8F4CC5F73841}.Debug|x64.ActiveCfg = Debug|x64
		{06F728CA-EB01-4B33-92E5-8F4CC5F73841}.Debug|x64.Build.0 = Debug|x64
		{06F728CA-EB01-4B33-92E5-8F4CC5F73841}.Debug|x86.ActiveCfg = Debug|x86
		{06F728CA-EB01-4B33-92E5-8F4CC5F73841}.Debug|x86.Build.0 = Debug|x86
		{06F728CA-EB01-4B33-92E5-8F4CC5F73841}.Release|Any CPU.ActiveCfg = Release|Any CPU
		{06F728CA-EB01-4B33-92E5-8F4CC5F73841}.Release|Any CPU.Build.0 = Release|Any CPU
		{06F728CA-EB01-4B33-92E5-8F4CC5F73841}.Release|Mixed Platforms.ActiveCfg = Release|x86
		{06F728CA-EB01-4B33-92E5-8F4CC5F73841}.Release|Mixed Platforms.Build.0 = Release|x86
		{06F728CA-EB01-4B33-92E5-8F4CC5F73841}.Release|x64.ActiveCfg = Release|x64
		{06F728CA-EB01-4B33-92E5-8F4CC5F73841}.Release|x64.Build.0 = Release|x64
		{06F728CA-EB01-4B33-92E5-8F4CC5F73841}.Release|x86.ActiveCfg = Release|x86
		{06F728CA-EB01-4B33-92E5-8F4CC5F73841}.Release|x86.Build.0 = Release|x86
		{61E59EFC-83E6-404E-AA7F-366CFFBDA7F4}.Debug|Any CPU.ActiveCfg = Debug|Any CPU
		{61E59EFC-83E6-404E-AA7F-366CFFBDA7F4}.Debug|Any CPU.Build.0 = Debug|Any CPU
		{61E59EFC-83E6-404E-AA7F-366CFFBDA7F4}.Debug|Mixed Platforms.ActiveCfg = Debug|Any CPU
		{61E59EFC-83E6-404E-AA7F-366CFFBDA7F4}.Debug|Mixed Platforms.Build.0 = Debug|Any CPU
		{61E59EFC-83E6-404E-AA7F-366CFFBDA7F4}.Debug|x64.ActiveCfg = Debug|x64
		{61E59EFC-83E6-404E-AA7F-366CFFBDA7F4}.Debug|x64.Build.0 = Debug|x64
		{61E59EFC-83E6-404E-AA7F-366CFFBDA7F4}.Debug|x86.ActiveCfg = Debug|Any CPU
		{61E59EFC-83E6-404E-AA7F-366CFFBDA7F4}.Release|Any CPU.ActiveCfg = Release|Any CPU
		{61E59EFC-83E6-404E-AA7F-366CFFBDA7F4}.Release|Any CPU.Build.0 = Release|Any CPU
		{61E59EFC-83E6-404E-AA7F-366CFFBDA7F4}.Release|Mixed Platforms.ActiveCfg = Release|Any CPU
		{61E59EFC-83E6-404E-AA7F-366CFFBDA7F4}.Release|Mixed Platforms.Build.0 = Release|Any CPU
		{61E59EFC-83E6-404E-AA7F-366CFFBDA7F4}.Release|x64.ActiveCfg = Release|Any CPU
		{61E59EFC-83E6-404E-AA7F-366CFFBDA7F4}.Release|x86.ActiveCfg = Release|Any CPU
		{AA521185-AA1A-4461-810C-B0BF60063136}.Debug|Any CPU.ActiveCfg = Debug|Any CPU
		{AA521185-AA1A-4461-810C-B0BF60063136}.Debug|Any CPU.Build.0 = Debug|Any CPU
		{AA521185-AA1A-4461-810C-B0BF60063136}.Debug|Mixed Platforms.ActiveCfg = Debug|Any CPU
		{AA521185-AA1A-4461-810C-B0BF60063136}.Debug|Mixed Platforms.Build.0 = Debug|Any CPU
		{AA521185-AA1A-4461-810C-B0BF60063136}.Debug|x64.ActiveCfg = Debug|x64
		{AA521185-AA1A-4461-810C-B0BF60063136}.Debug|x64.Build.0 = Debug|x64
		{AA521185-AA1A-4461-810C-B0BF60063136}.Debug|x86.ActiveCfg = Debug|Any CPU
		{AA521185-AA1A-4461-810C-B0BF60063136}.Release|Any CPU.ActiveCfg = Release|Any CPU
		{AA521185-AA1A-4461-810C-B0BF60063136}.Release|Any CPU.Build.0 = Release|Any CPU
		{AA521185-AA1A-4461-810C-B0BF60063136}.Release|Mixed Platforms.ActiveCfg = Release|Any CPU
		{AA521185-AA1A-4461-810C-B0BF60063136}.Release|Mixed Platforms.Build.0 = Release|Any CPU
		{AA521185-AA1A-4461-810C-B0BF60063136}.Release|x64.ActiveCfg = Release|Any CPU
		{AA521185-AA1A-4461-810C-B0BF60063136}.Release|x86.ActiveCfg = Release|Any CPU
		{0F082ECF-CD3A-413B-BF90-755338507EDA}.Debug|Any CPU.ActiveCfg = Debug|Any CPU
		{0F082ECF-CD3A-413B-BF90-755338507EDA}.Debug|Any CPU.Build.0 = Debug|Any CPU
		{0F082ECF-CD3A-413B-BF90-755338507EDA}.Debug|Mixed Platforms.ActiveCfg = Debug|Any CPU
		{0F082ECF-CD3A-413B-BF90-755338507EDA}.Debug|Mixed Platforms.Build.0 = Debug|Any CPU
		{0F082ECF-CD3A-413B-BF90-755338507EDA}.Debug|x64.ActiveCfg = Debug|x64
		{0F082ECF-CD3A-413B-BF90-755338507EDA}.Debug|x64.Build.0 = Debug|x64
		{0F082ECF-CD3A-413B-BF90-755338507EDA}.Debug|x86.ActiveCfg = Debug|Any CPU
		{0F082ECF-CD3A-413B-BF90-755338507EDA}.Release|Any CPU.ActiveCfg = Release|Any CPU
		{0F082ECF-CD3A-413B-BF90-755338507EDA}.Release|Any CPU.Build.0 = Release|Any CPU
		{0F082ECF-CD3A-413B-BF90-755338507EDA}.Release|Mixed Platforms.ActiveCfg = Release|Any CPU
		{0F082ECF-CD3A-413B-BF90-755338507EDA}.Release|Mixed Platforms.Build.0 = Release|Any CPU
		{0F082ECF-CD3A-413B-BF90-755338507EDA}.Release|x64.ActiveCfg = Release|Any CPU
		{0F082ECF-CD3A-413B-BF90-755338507EDA}.Release|x86.ActiveCfg = Release|Any CPU
		{A200FC0F-F24E-4F28-B34E-88B1EBD4773C}.Debug|Any CPU.ActiveCfg = Debug|Any CPU
		{A200FC0F-F24E-4F28-B34E-88B1EBD4773C}.Debug|Any CPU.Build.0 = Debug|Any CPU
		{A200FC0F-F24E-4F28-B34E-88B1EBD4773C}.Debug|Mixed Platforms.ActiveCfg = Debug|Any CPU
		{A200FC0F-F24E-4F28-B34E-88B1EBD4773C}.Debug|Mixed Platforms.Build.0 = Debug|Any CPU
		{A200FC0F-F24E-4F28-B34E-88B1EBD4773C}.Debug|x64.ActiveCfg = Debug|Any CPU
		{A200FC0F-F24E-4F28-B34E-88B1EBD4773C}.Debug|x86.ActiveCfg = Debug|Any CPU
		{A200FC0F-F24E-4F28-B34E-88B1EBD4773C}.Release|Any CPU.ActiveCfg = Release|Any CPU
		{A200FC0F-F24E-4F28-B34E-88B1EBD4773C}.Release|Any CPU.Build.0 = Release|Any CPU
		{A200FC0F-F24E-4F28-B34E-88B1EBD4773C}.Release|Mixed Platforms.ActiveCfg = Release|Any CPU
		{A200FC0F-F24E-4F28-B34E-88B1EBD4773C}.Release|Mixed Platforms.Build.0 = Release|Any CPU
		{A200FC0F-F24E-4F28-B34E-88B1EBD4773C}.Release|x64.ActiveCfg = Release|Any CPU
		{A200FC0F-F24E-4F28-B34E-88B1EBD4773C}.Release|x86.ActiveCfg = Release|Any CPU
	EndGlobalSection
	GlobalSection(SolutionProperties) = preSolution
		HideSolutionNode = FALSE
	EndGlobalSection
EndGlobal
