
Microsoft Visual Studio Solution File, Format Version 12.00
# Visual Studio 2012
Project("{FAE04EC0-301F-11D3-BF4B-00C04F79EFBC}") = "DIPS", "DIPS.csproj", "{B5AAD62B-F212-49DB-BB36-54F186819105}"
EndProject
Project("{FAE04EC0-301F-11D3-BF4B-00C04F79EFBC}") = "DIPS.UI", "UI\DIPS.UI.csproj", "{61E59EFC-83E6-404E-AA7F-366CFFBDA7F4}"
EndProject
Project("{FAE04EC0-301F-11D3-BF4B-00C04F79EFBC}") = "DIPS.ViewModel", "ViewModel\DIPS.ViewModel.csproj", "{AA521185-AA1A-4461-810C-B0BF60063136}"
EndProject
Project("{FAE04EC0-301F-11D3-BF4B-00C04F79EFBC}") = "DIPS.Database", "Database\DIPS.Database.csproj", "{A200FC0F-F24E-4F28-B34E-88B1EBD4773C}"
EndProject
Project("{2150E333-8FDC-42A3-9474-1A3956D46DE8}") = "Supporting Projects", "Supporting Projects", "{7CD7226D-7C95-400E-B6D5-4D6BD654E718}"
EndProject
Project("{FAE04EC0-301F-11D3-BF4B-00C04F79EFBC}") = "DIPS.Processor", "Processor\DIPS.Processor.csproj", "{BBC18FC7-4ED1-4A6A-8E1B-E05035FF85D8}"
EndProject
Project("{FAE04EC0-301F-11D3-BF4B-00C04F79EFBC}") = "DIPS.Processor.Client", "Processor\Client\DIPS.Processor.Client.csproj", "{B3574B49-8C3C-4CD8-929C-1F767656B4EB}"
EndProject
Project("{FAE04EC0-301F-11D3-BF4B-00C04F79EFBC}") = "DIPS.Util", "Compression\DIPS.Util.csproj", "{64782F97-2F28-479F-90FD-FFE55C884EEA}"
EndProject
Project("{FAE04EC0-301F-11D3-BF4B-00C04F79EFBC}") = "DIPS.Processor.XML", "Processor\Client\XML\DIPS.Processor.XML.csproj", "{E9C0CE2F-6645-41AB-AE80-2D8D63DA1A61}"
EndProject
Project("{FAE04EC0-301F-11D3-BF4B-00C04F79EFBC}") = "DIPS.Processor.Plugin", "Processor\Plugin\DIPS.Processor.Plugin.csproj", "{5BC8FE69-C985-4B78-86F2-441A82FB435F}"
EndProject
Project("{FAE04EC0-301F-11D3-BF4B-00C04F79EFBC}") = "DIPS.Processor.Registry", "Processor\Registry\DIPS.Processor.Registry.csproj", "{3FB76655-E579-4832-A014-4B68893CF1E1}"
EndProject
Project("{FAE04EC0-301F-11D3-BF4B-00C04F79EFBC}") = "DIPS.UI.CustomControls", "UI\CustomControls\DIPS.UI.CustomControls.csproj", "{F78C7061-6832-44D8-A554-4FE884D20ACF}"
EndProject
Project("{FAE04EC0-301F-11D3-BF4B-00C04F79EFBC}") = "DIPS.UI.Converters", "UI\Converters\DIPS.UI.Converters.csproj", "{03E26023-30DA-4D8E-B30B-AD228A4B4D60}"
EndProject
Project("{FAE04EC0-301F-11D3-BF4B-00C04F79EFBC}") = "DIPS.UI.Editors", "UI\Editors\DIPS.UI.Editors.csproj", "{D85A5E93-45E0-43E4-BB5A-E3B7CDD536A4}"
EndProject
Project("{2150E333-8FDC-42A3-9474-1A3956D46DE8}") = "Unit Tests", "Unit Tests", "{51472989-ABE6-4B6A-ABE2-C485DA11F6BC}"
EndProject
Project("{FAE04EC0-301F-11D3-BF4B-00C04F79EFBC}") = "DIPS.Tests.ViewModel", "..\Tests\ViewModel\DIPS.Tests.ViewModel.csproj", "{00CCC284-4E0D-408F-BDD4-B56C02E35332}"
EndProject
Project("{FAE04EC0-301F-11D3-BF4B-00C04F79EFBC}") = "DIPS.Unity", "Unity\DIPS.Unity.csproj", "{58BEA286-5BCF-41B1-AAF0-D06C4663D4FD}"
EndProject
Project("{FAE04EC0-301F-11D3-BF4B-00C04F79EFBC}") = "DIPS.Tests.Util", "..\Tests\Compression\DIPS.Tests.Util.csproj", "{F536C6C8-9FDC-4968-B6C3-4A82A3825DBF}"
EndProject
Project("{FAE04EC0-301F-11D3-BF4B-00C04F79EFBC}") = "DIPS.Processor.Plugin.Base", "Processor\Plugin\Base\DIPS.Processor.Plugin.Base.csproj", "{B15BB8E7-5DE4-4A0D-9463-4F6F5E84296F}"
EndProject
Project("{FAE04EC0-301F-11D3-BF4B-00C04F79EFBC}") = "DIPS.Processor.Plugin.Debug", "Processor\Plugin\Debug\DIPS.Processor.Plugin.Debug.csproj", "{7D693C60-B98A-48C5-A9E7-37D54BCDC543}"
EndProject
Project("{FAE04EC0-301F-11D3-BF4B-00C04F79EFBC}") = "DIPS.Matlab", "Matlab\DIPS.Matlab.csproj", "{FA243B9A-1563-4681-B66F-86399C8D9769}"
EndProject
Project("{FAE04EC0-301F-11D3-BF4B-00C04F79EFBC}") = "DIPS.Processor.Plugin.Matlab", "Processor\Plugin\Matlab\DIPS.Processor.Plugin.Matlab.csproj", "{B2A5EEBF-504B-4D66-BA8D-D3A76F07FAC0}"
EndProject
Project("{FAE04EC0-301F-11D3-BF4B-00C04F79EFBC}") = "DIPS.Processor.Service", "Processor\Service\DIPS.Processor.Service.csproj", "{F7304DE8-237B-47A7-8C62-FED1497662AF}"
EndProject
Project("{FAE04EC0-301F-11D3-BF4B-00C04F79EFBC}") = "DIPS.UI.Service", "Processor\Service\UI\DIPS.UI.Service.csproj", "{06876CD4-6EEB-4B67-900A-2147F9DC9DBF}"
EndProject
Project("{FAE04EC0-301F-11D3-BF4B-00C04F79EFBC}") = "DIPS.Tests.Database", "..\Tests\Database\DIPS.Tests.Database.csproj", "{52CE71D7-C408-4923-9ADC-D0793A13C9C4}"
EndProject
Project("{FAE04EC0-301F-11D3-BF4B-00C04F79EFBC}") = "PannableContentControl", "..\..\..\..\Desktop\PannableContentControl\PannableContentControl\PannableContentControl.csproj", "{2652C7E3-AE33-425A-9B73-4877D3B3CFD5}"
EndProject
Global
	GlobalSection(SolutionConfigurationPlatforms) = preSolution
		Debug|Any CPU = Debug|Any CPU
		Debug|Mixed Platforms = Debug|Mixed Platforms
		Debug|x64 = Debug|x64
		Debug|x86 = Debug|x86
		Release|Any CPU = Release|Any CPU
		Release|Mixed Platforms = Release|Mixed Platforms
		Release|x64 = Release|x64
		Release|x86 = Release|x86
	EndGlobalSection
	GlobalSection(ProjectConfigurationPlatforms) = postSolution
		{B5AAD62B-F212-49DB-BB36-54F186819105}.Debug|Any CPU.ActiveCfg = Debug|Any CPU
		{B5AAD62B-F212-49DB-BB36-54F186819105}.Debug|Any CPU.Build.0 = Debug|Any CPU
		{B5AAD62B-F212-49DB-BB36-54F186819105}.Debug|Mixed Platforms.ActiveCfg = Debug|Any CPU
		{B5AAD62B-F212-49DB-BB36-54F186819105}.Debug|Mixed Platforms.Build.0 = Debug|Any CPU
		{B5AAD62B-F212-49DB-BB36-54F186819105}.Debug|x64.ActiveCfg = Debug|x64
		{B5AAD62B-F212-49DB-BB36-54F186819105}.Debug|x64.Build.0 = Debug|x64
		{B5AAD62B-F212-49DB-BB36-54F186819105}.Debug|x86.ActiveCfg = Debug|x86
		{B5AAD62B-F212-49DB-BB36-54F186819105}.Debug|x86.Build.0 = Debug|x86
		{B5AAD62B-F212-49DB-BB36-54F186819105}.Release|Any CPU.ActiveCfg = Release|Any CPU
		{B5AAD62B-F212-49DB-BB36-54F186819105}.Release|Any CPU.Build.0 = Release|Any CPU
		{B5AAD62B-F212-49DB-BB36-54F186819105}.Release|Mixed Platforms.ActiveCfg = Release|x86
		{B5AAD62B-F212-49DB-BB36-54F186819105}.Release|Mixed Platforms.Build.0 = Release|x86
		{B5AAD62B-F212-49DB-BB36-54F186819105}.Release|x64.ActiveCfg = Release|x64
		{B5AAD62B-F212-49DB-BB36-54F186819105}.Release|x64.Build.0 = Release|x64
		{B5AAD62B-F212-49DB-BB36-54F186819105}.Release|x86.ActiveCfg = Release|x86
		{B5AAD62B-F212-49DB-BB36-54F186819105}.Release|x86.Build.0 = Release|x86
		{61E59EFC-83E6-404E-AA7F-366CFFBDA7F4}.Debug|Any CPU.ActiveCfg = Debug|Any CPU
		{61E59EFC-83E6-404E-AA7F-366CFFBDA7F4}.Debug|Any CPU.Build.0 = Debug|Any CPU
		{61E59EFC-83E6-404E-AA7F-366CFFBDA7F4}.Debug|Mixed Platforms.ActiveCfg = Debug|Any CPU
		{61E59EFC-83E6-404E-AA7F-366CFFBDA7F4}.Debug|Mixed Platforms.Build.0 = Debug|Any CPU
		{61E59EFC-83E6-404E-AA7F-366CFFBDA7F4}.Debug|x64.ActiveCfg = Debug|x64
		{61E59EFC-83E6-404E-AA7F-366CFFBDA7F4}.Debug|x64.Build.0 = Debug|x64
		{61E59EFC-83E6-404E-AA7F-366CFFBDA7F4}.Debug|x86.ActiveCfg = Debug|Any CPU
		{61E59EFC-83E6-404E-AA7F-366CFFBDA7F4}.Release|Any CPU.ActiveCfg = Release|Any CPU
		{61E59EFC-83E6-404E-AA7F-366CFFBDA7F4}.Release|Any CPU.Build.0 = Release|Any CPU
		{61E59EFC-83E6-404E-AA7F-366CFFBDA7F4}.Release|Mixed Platforms.ActiveCfg = Release|Any CPU
		{61E59EFC-83E6-404E-AA7F-366CFFBDA7F4}.Release|Mixed Platforms.Build.0 = Release|Any CPU
		{61E59EFC-83E6-404E-AA7F-366CFFBDA7F4}.Release|x64.ActiveCfg = Release|Any CPU
		{61E59EFC-83E6-404E-AA7F-366CFFBDA7F4}.Release|x86.ActiveCfg = Release|Any CPU
		{AA521185-AA1A-4461-810C-B0BF60063136}.Debug|Any CPU.ActiveCfg = Debug|Any CPU
		{AA521185-AA1A-4461-810C-B0BF60063136}.Debug|Any CPU.Build.0 = Debug|Any CPU
		{AA521185-AA1A-4461-810C-B0BF60063136}.Debug|Mixed Platforms.ActiveCfg = Debug|Any CPU
		{AA521185-AA1A-4461-810C-B0BF60063136}.Debug|Mixed Platforms.Build.0 = Debug|Any CPU
		{AA521185-AA1A-4461-810C-B0BF60063136}.Debug|x64.ActiveCfg = Debug|Any CPU
		{AA521185-AA1A-4461-810C-B0BF60063136}.Debug|x64.Build.0 = Debug|Any CPU
		{AA521185-AA1A-4461-810C-B0BF60063136}.Debug|x86.ActiveCfg = Debug|Any CPU
		{AA521185-AA1A-4461-810C-B0BF60063136}.Release|Any CPU.ActiveCfg = Release|Any CPU
		{AA521185-AA1A-4461-810C-B0BF60063136}.Release|Any CPU.Build.0 = Release|Any CPU
		{AA521185-AA1A-4461-810C-B0BF60063136}.Release|Mixed Platforms.ActiveCfg = Release|Any CPU
		{AA521185-AA1A-4461-810C-B0BF60063136}.Release|Mixed Platforms.Build.0 = Release|Any CPU
		{AA521185-AA1A-4461-810C-B0BF60063136}.Release|x64.ActiveCfg = Release|Any CPU
		{AA521185-AA1A-4461-810C-B0BF60063136}.Release|x86.ActiveCfg = Release|Any CPU
		{A200FC0F-F24E-4F28-B34E-88B1EBD4773C}.Debug|Any CPU.ActiveCfg = Debug|Any CPU
		{A200FC0F-F24E-4F28-B34E-88B1EBD4773C}.Debug|Any CPU.Build.0 = Debug|Any CPU
		{A200FC0F-F24E-4F28-B34E-88B1EBD4773C}.Debug|Mixed Platforms.ActiveCfg = Debug|Any CPU
		{A200FC0F-F24E-4F28-B34E-88B1EBD4773C}.Debug|Mixed Platforms.Build.0 = Debug|Any CPU
		{A200FC0F-F24E-4F28-B34E-88B1EBD4773C}.Debug|x64.ActiveCfg = Debug|Any CPU
		{A200FC0F-F24E-4F28-B34E-88B1EBD4773C}.Debug|x64.Build.0 = Debug|Any CPU
		{A200FC0F-F24E-4F28-B34E-88B1EBD4773C}.Debug|x86.ActiveCfg = Debug|Any CPU
		{A200FC0F-F24E-4F28-B34E-88B1EBD4773C}.Release|Any CPU.ActiveCfg = Release|Any CPU
		{A200FC0F-F24E-4F28-B34E-88B1EBD4773C}.Release|Any CPU.Build.0 = Release|Any CPU
		{A200FC0F-F24E-4F28-B34E-88B1EBD4773C}.Release|Mixed Platforms.ActiveCfg = Release|Any CPU
		{A200FC0F-F24E-4F28-B34E-88B1EBD4773C}.Release|Mixed Platforms.Build.0 = Release|Any CPU
		{A200FC0F-F24E-4F28-B34E-88B1EBD4773C}.Release|x64.ActiveCfg = Release|Any CPU
		{A200FC0F-F24E-4F28-B34E-88B1EBD4773C}.Release|x86.ActiveCfg = Release|Any CPU
		{BBC18FC7-4ED1-4A6A-8E1B-E05035FF85D8}.Debug|Any CPU.ActiveCfg = Debug|Any CPU
		{BBC18FC7-4ED1-4A6A-8E1B-E05035FF85D8}.Debug|Any CPU.Build.0 = Debug|Any CPU
		{BBC18FC7-4ED1-4A6A-8E1B-E05035FF85D8}.Debug|Mixed Platforms.ActiveCfg = Debug|Any CPU
		{BBC18FC7-4ED1-4A6A-8E1B-E05035FF85D8}.Debug|Mixed Platforms.Build.0 = Debug|Any CPU
		{BBC18FC7-4ED1-4A6A-8E1B-E05035FF85D8}.Debug|x64.ActiveCfg = Debug|Any CPU
		{BBC18FC7-4ED1-4A6A-8E1B-E05035FF85D8}.Debug|x64.Build.0 = Debug|Any CPU
		{BBC18FC7-4ED1-4A6A-8E1B-E05035FF85D8}.Debug|x86.ActiveCfg = Debug|Any CPU
		{BBC18FC7-4ED1-4A6A-8E1B-E05035FF85D8}.Release|Any CPU.ActiveCfg = Release|Any CPU
		{BBC18FC7-4ED1-4A6A-8E1B-E05035FF85D8}.Release|Any CPU.Build.0 = Release|Any CPU
		{BBC18FC7-4ED1-4A6A-8E1B-E05035FF85D8}.Release|Mixed Platforms.ActiveCfg = Release|Any CPU
		{BBC18FC7-4ED1-4A6A-8E1B-E05035FF85D8}.Release|Mixed Platforms.Build.0 = Release|Any CPU
		{BBC18FC7-4ED1-4A6A-8E1B-E05035FF85D8}.Release|x64.ActiveCfg = Release|Any CPU
		{BBC18FC7-4ED1-4A6A-8E1B-E05035FF85D8}.Release|x86.ActiveCfg = Release|Any CPU
		{B3574B49-8C3C-4CD8-929C-1F767656B4EB}.Debug|Any CPU.ActiveCfg = Debug|Any CPU
		{B3574B49-8C3C-4CD8-929C-1F767656B4EB}.Debug|Any CPU.Build.0 = Debug|Any CPU
		{B3574B49-8C3C-4CD8-929C-1F767656B4EB}.Debug|Mixed Platforms.ActiveCfg = Debug|Any CPU
		{B3574B49-8C3C-4CD8-929C-1F767656B4EB}.Debug|Mixed Platforms.Build.0 = Debug|Any CPU
		{B3574B49-8C3C-4CD8-929C-1F767656B4EB}.Debug|x64.ActiveCfg = Debug|Any CPU
		{B3574B49-8C3C-4CD8-929C-1F767656B4EB}.Debug|x64.Build.0 = Debug|Any CPU
		{B3574B49-8C3C-4CD8-929C-1F767656B4EB}.Debug|x86.ActiveCfg = Debug|Any CPU
		{B3574B49-8C3C-4CD8-929C-1F767656B4EB}.Release|Any CPU.ActiveCfg = Release|Any CPU
		{B3574B49-8C3C-4CD8-929C-1F767656B4EB}.Release|Any CPU.Build.0 = Release|Any CPU
		{B3574B49-8C3C-4CD8-929C-1F767656B4EB}.Release|Mixed Platforms.ActiveCfg = Release|Any CPU
		{B3574B49-8C3C-4CD8-929C-1F767656B4EB}.Release|Mixed Platforms.Build.0 = Release|Any CPU
		{B3574B49-8C3C-4CD8-929C-1F767656B4EB}.Release|x64.ActiveCfg = Release|Any CPU
		{B3574B49-8C3C-4CD8-929C-1F767656B4EB}.Release|x86.ActiveCfg = Release|Any CPU
		{64782F97-2F28-479F-90FD-FFE55C884EEA}.Debug|Any CPU.ActiveCfg = Debug|Any CPU
		{64782F97-2F28-479F-90FD-FFE55C884EEA}.Debug|Any CPU.Build.0 = Debug|Any CPU
		{64782F97-2F28-479F-90FD-FFE55C884EEA}.Debug|Mixed Platforms.ActiveCfg = Debug|Any CPU
		{64782F97-2F28-479F-90FD-FFE55C884EEA}.Debug|Mixed Platforms.Build.0 = Debug|Any CPU
		{64782F97-2F28-479F-90FD-FFE55C884EEA}.Debug|x64.ActiveCfg = Debug|Any CPU
		{64782F97-2F28-479F-90FD-FFE55C884EEA}.Debug|x64.Build.0 = Debug|Any CPU
		{64782F97-2F28-479F-90FD-FFE55C884EEA}.Debug|x86.ActiveCfg = Debug|Any CPU
		{64782F97-2F28-479F-90FD-FFE55C884EEA}.Release|Any CPU.ActiveCfg = Release|Any CPU
		{64782F97-2F28-479F-90FD-FFE55C884EEA}.Release|Any CPU.Build.0 = Release|Any CPU
		{64782F97-2F28-479F-90FD-FFE55C884EEA}.Release|Mixed Platforms.ActiveCfg = Release|Any CPU
		{64782F97-2F28-479F-90FD-FFE55C884EEA}.Release|Mixed Platforms.Build.0 = Release|Any CPU
		{64782F97-2F28-479F-90FD-FFE55C884EEA}.Release|x64.ActiveCfg = Release|Any CPU
		{64782F97-2F28-479F-90FD-FFE55C884EEA}.Release|x86.ActiveCfg = Release|Any CPU
		{E9C0CE2F-6645-41AB-AE80-2D8D63DA1A61}.Debug|Any CPU.ActiveCfg = Debug|Any CPU
		{E9C0CE2F-6645-41AB-AE80-2D8D63DA1A61}.Debug|Any CPU.Build.0 = Debug|Any CPU
		{E9C0CE2F-6645-41AB-AE80-2D8D63DA1A61}.Debug|Mixed Platforms.ActiveCfg = Debug|Any CPU
		{E9C0CE2F-6645-41AB-AE80-2D8D63DA1A61}.Debug|Mixed Platforms.Build.0 = Debug|Any CPU
		{E9C0CE2F-6645-41AB-AE80-2D8D63DA1A61}.Debug|x64.ActiveCfg = Debug|Any CPU
		{E9C0CE2F-6645-41AB-AE80-2D8D63DA1A61}.Debug|x64.Build.0 = Debug|Any CPU
		{E9C0CE2F-6645-41AB-AE80-2D8D63DA1A61}.Debug|x86.ActiveCfg = Debug|Any CPU
		{E9C0CE2F-6645-41AB-AE80-2D8D63DA1A61}.Release|Any CPU.ActiveCfg = Release|Any CPU
		{E9C0CE2F-6645-41AB-AE80-2D8D63DA1A61}.Release|Any CPU.Build.0 = Release|Any CPU
		{E9C0CE2F-6645-41AB-AE80-2D8D63DA1A61}.Release|Mixed Platforms.ActiveCfg = Release|Any CPU
		{E9C0CE2F-6645-41AB-AE80-2D8D63DA1A61}.Release|Mixed Platforms.Build.0 = Release|Any CPU
		{E9C0CE2F-6645-41AB-AE80-2D8D63DA1A61}.Release|x64.ActiveCfg = Release|Any CPU
		{E9C0CE2F-6645-41AB-AE80-2D8D63DA1A61}.Release|x86.ActiveCfg = Release|Any CPU
		{5BC8FE69-C985-4B78-86F2-441A82FB435F}.Debug|Any CPU.ActiveCfg = Debug|Any CPU
		{5BC8FE69-C985-4B78-86F2-441A82FB435F}.Debug|Any CPU.Build.0 = Debug|Any CPU
		{5BC8FE69-C985-4B78-86F2-441A82FB435F}.Debug|Mixed Platforms.ActiveCfg = Debug|Any CPU
		{5BC8FE69-C985-4B78-86F2-441A82FB435F}.Debug|Mixed Platforms.Build.0 = Debug|Any CPU
		{5BC8FE69-C985-4B78-86F2-441A82FB435F}.Debug|x64.ActiveCfg = Debug|Any CPU
		{5BC8FE69-C985-4B78-86F2-441A82FB435F}.Debug|x64.Build.0 = Debug|Any CPU
		{5BC8FE69-C985-4B78-86F2-441A82FB435F}.Debug|x86.ActiveCfg = Debug|Any CPU
		{5BC8FE69-C985-4B78-86F2-441A82FB435F}.Release|Any CPU.ActiveCfg = Release|Any CPU
		{5BC8FE69-C985-4B78-86F2-441A82FB435F}.Release|Any CPU.Build.0 = Release|Any CPU
		{5BC8FE69-C985-4B78-86F2-441A82FB435F}.Release|Mixed Platforms.ActiveCfg = Release|Any CPU
		{5BC8FE69-C985-4B78-86F2-441A82FB435F}.Release|Mixed Platforms.Build.0 = Release|Any CPU
		{5BC8FE69-C985-4B78-86F2-441A82FB435F}.Release|x64.ActiveCfg = Release|Any CPU
		{5BC8FE69-C985-4B78-86F2-441A82FB435F}.Release|x86.ActiveCfg = Release|Any CPU
		{3FB76655-E579-4832-A014-4B68893CF1E1}.Debug|Any CPU.ActiveCfg = Debug|Any CPU
		{3FB76655-E579-4832-A014-4B68893CF1E1}.Debug|Any CPU.Build.0 = Debug|Any CPU
		{3FB76655-E579-4832-A014-4B68893CF1E1}.Debug|Mixed Platforms.ActiveCfg = Debug|Any CPU
		{3FB76655-E579-4832-A014-4B68893CF1E1}.Debug|Mixed Platforms.Build.0 = Debug|Any CPU
		{3FB76655-E579-4832-A014-4B68893CF1E1}.Debug|x64.ActiveCfg = Debug|Any CPU
		{3FB76655-E579-4832-A014-4B68893CF1E1}.Debug|x64.Build.0 = Debug|Any CPU
		{3FB76655-E579-4832-A014-4B68893CF1E1}.Debug|x86.ActiveCfg = Debug|Any CPU
		{3FB76655-E579-4832-A014-4B68893CF1E1}.Release|Any CPU.ActiveCfg = Release|Any CPU
		{3FB76655-E579-4832-A014-4B68893CF1E1}.Release|Any CPU.Build.0 = Release|Any CPU
		{3FB76655-E579-4832-A014-4B68893CF1E1}.Release|Mixed Platforms.ActiveCfg = Release|Any CPU
		{3FB76655-E579-4832-A014-4B68893CF1E1}.Release|Mixed Platforms.Build.0 = Release|Any CPU
		{3FB76655-E579-4832-A014-4B68893CF1E1}.Release|x64.ActiveCfg = Release|Any CPU
		{3FB76655-E579-4832-A014-4B68893CF1E1}.Release|x86.ActiveCfg = Release|Any CPU
		{F78C7061-6832-44D8-A554-4FE884D20ACF}.Debug|Any CPU.ActiveCfg = Debug|Any CPU
		{F78C7061-6832-44D8-A554-4FE884D20ACF}.Debug|Any CPU.Build.0 = Debug|Any CPU
		{F78C7061-6832-44D8-A554-4FE884D20ACF}.Debug|Mixed Platforms.ActiveCfg = Debug|Any CPU
		{F78C7061-6832-44D8-A554-4FE884D20ACF}.Debug|Mixed Platforms.Build.0 = Debug|Any CPU
		{F78C7061-6832-44D8-A554-4FE884D20ACF}.Debug|x64.ActiveCfg = Debug|Any CPU
		{F78C7061-6832-44D8-A554-4FE884D20ACF}.Debug|x64.Build.0 = Debug|Any CPU
		{F78C7061-6832-44D8-A554-4FE884D20ACF}.Debug|x86.ActiveCfg = Debug|Any CPU
		{F78C7061-6832-44D8-A554-4FE884D20ACF}.Release|Any CPU.ActiveCfg = Release|Any CPU
		{F78C7061-6832-44D8-A554-4FE884D20ACF}.Release|Any CPU.Build.0 = Release|Any CPU
		{F78C7061-6832-44D8-A554-4FE884D20ACF}.Release|Mixed Platforms.ActiveCfg = Release|Any CPU
		{F78C7061-6832-44D8-A554-4FE884D20ACF}.Release|Mixed Platforms.Build.0 = Release|Any CPU
		{F78C7061-6832-44D8-A554-4FE884D20ACF}.Release|x64.ActiveCfg = Release|Any CPU
		{F78C7061-6832-44D8-A554-4FE884D20ACF}.Release|x86.ActiveCfg = Release|Any CPU
		{03E26023-30DA-4D8E-B30B-AD228A4B4D60}.Debug|Any CPU.ActiveCfg = Debug|Any CPU
		{03E26023-30DA-4D8E-B30B-AD228A4B4D60}.Debug|Any CPU.Build.0 = Debug|Any CPU
		{03E26023-30DA-4D8E-B30B-AD228A4B4D60}.Debug|Mixed Platforms.ActiveCfg = Debug|Any CPU
		{03E26023-30DA-4D8E-B30B-AD228A4B4D60}.Debug|Mixed Platforms.Build.0 = Debug|Any CPU
		{03E26023-30DA-4D8E-B30B-AD228A4B4D60}.Debug|x64.ActiveCfg = Debug|Any CPU
		{03E26023-30DA-4D8E-B30B-AD228A4B4D60}.Debug|x64.Build.0 = Debug|Any CPU
		{03E26023-30DA-4D8E-B30B-AD228A4B4D60}.Debug|x86.ActiveCfg = Debug|Any CPU
		{03E26023-30DA-4D8E-B30B-AD228A4B4D60}.Release|Any CPU.ActiveCfg = Release|Any CPU
		{03E26023-30DA-4D8E-B30B-AD228A4B4D60}.Release|Any CPU.Build.0 = Release|Any CPU
		{03E26023-30DA-4D8E-B30B-AD228A4B4D60}.Release|Mixed Platforms.ActiveCfg = Release|Any CPU
		{03E26023-30DA-4D8E-B30B-AD228A4B4D60}.Release|Mixed Platforms.Build.0 = Release|Any CPU
		{03E26023-30DA-4D8E-B30B-AD228A4B4D60}.Release|x64.ActiveCfg = Release|Any CPU
		{03E26023-30DA-4D8E-B30B-AD228A4B4D60}.Release|x86.ActiveCfg = Release|Any CPU
		{D85A5E93-45E0-43E4-BB5A-E3B7CDD536A4}.Debug|Any CPU.ActiveCfg = Debug|Any CPU
		{D85A5E93-45E0-43E4-BB5A-E3B7CDD536A4}.Debug|Any CPU.Build.0 = Debug|Any CPU
		{D85A5E93-45E0-43E4-BB5A-E3B7CDD536A4}.Debug|Mixed Platforms.ActiveCfg = Debug|Any CPU
		{D85A5E93-45E0-43E4-BB5A-E3B7CDD536A4}.Debug|Mixed Platforms.Build.0 = Debug|Any CPU
		{D85A5E93-45E0-43E4-BB5A-E3B7CDD536A4}.Debug|x64.ActiveCfg = Debug|Any CPU
		{D85A5E93-45E0-43E4-BB5A-E3B7CDD536A4}.Debug|x64.Build.0 = Debug|Any CPU
		{D85A5E93-45E0-43E4-BB5A-E3B7CDD536A4}.Debug|x86.ActiveCfg = Debug|Any CPU
		{D85A5E93-45E0-43E4-BB5A-E3B7CDD536A4}.Release|Any CPU.ActiveCfg = Release|Any CPU
		{D85A5E93-45E0-43E4-BB5A-E3B7CDD536A4}.Release|Any CPU.Build.0 = Release|Any CPU
		{D85A5E93-45E0-43E4-BB5A-E3B7CDD536A4}.Release|Mixed Platforms.ActiveCfg = Release|Any CPU
		{D85A5E93-45E0-43E4-BB5A-E3B7CDD536A4}.Release|Mixed Platforms.Build.0 = Release|Any CPU
		{D85A5E93-45E0-43E4-BB5A-E3B7CDD536A4}.Release|x64.ActiveCfg = Release|Any CPU
		{D85A5E93-45E0-43E4-BB5A-E3B7CDD536A4}.Release|x86.ActiveCfg = Release|Any CPU
		{00CCC284-4E0D-408F-BDD4-B56C02E35332}.Debug|Any CPU.ActiveCfg = Debug|Any CPU
		{00CCC284-4E0D-408F-BDD4-B56C02E35332}.Debug|Any CPU.Build.0 = Debug|Any CPU
		{00CCC284-4E0D-408F-BDD4-B56C02E35332}.Debug|Mixed Platforms.ActiveCfg = Debug|Any CPU
		{00CCC284-4E0D-408F-BDD4-B56C02E35332}.Debug|Mixed Platforms.Build.0 = Debug|Any CPU
		{00CCC284-4E0D-408F-BDD4-B56C02E35332}.Debug|x64.ActiveCfg = Debug|Any CPU
		{00CCC284-4E0D-408F-BDD4-B56C02E35332}.Debug|x64.Build.0 = Debug|Any CPU
		{00CCC284-4E0D-408F-BDD4-B56C02E35332}.Debug|x86.ActiveCfg = Debug|Any CPU
		{00CCC284-4E0D-408F-BDD4-B56C02E35332}.Release|Any CPU.ActiveCfg = Release|Any CPU
		{00CCC284-4E0D-408F-BDD4-B56C02E35332}.Release|Any CPU.Build.0 = Release|Any CPU
		{00CCC284-4E0D-408F-BDD4-B56C02E35332}.Release|Mixed Platforms.ActiveCfg = Release|Any CPU
		{00CCC284-4E0D-408F-BDD4-B56C02E35332}.Release|Mixed Platforms.Build.0 = Release|Any CPU
		{00CCC284-4E0D-408F-BDD4-B56C02E35332}.Release|x64.ActiveCfg = Release|Any CPU
		{00CCC284-4E0D-408F-BDD4-B56C02E35332}.Release|x86.ActiveCfg = Release|Any CPU
		{58BEA286-5BCF-41B1-AAF0-D06C4663D4FD}.Debug|Any CPU.ActiveCfg = Debug|Any CPU
		{58BEA286-5BCF-41B1-AAF0-D06C4663D4FD}.Debug|Any CPU.Build.0 = Debug|Any CPU
		{58BEA286-5BCF-41B1-AAF0-D06C4663D4FD}.Debug|Mixed Platforms.ActiveCfg = Debug|Any CPU
		{58BEA286-5BCF-41B1-AAF0-D06C4663D4FD}.Debug|Mixed Platforms.Build.0 = Debug|Any CPU
		{58BEA286-5BCF-41B1-AAF0-D06C4663D4FD}.Debug|x64.ActiveCfg = Debug|Any CPU
		{58BEA286-5BCF-41B1-AAF0-D06C4663D4FD}.Debug|x64.Build.0 = Debug|Any CPU
		{58BEA286-5BCF-41B1-AAF0-D06C4663D4FD}.Debug|x86.ActiveCfg = Debug|Any CPU
		{58BEA286-5BCF-41B1-AAF0-D06C4663D4FD}.Release|Any CPU.ActiveCfg = Release|Any CPU
		{58BEA286-5BCF-41B1-AAF0-D06C4663D4FD}.Release|Any CPU.Build.0 = Release|Any CPU
		{58BEA286-5BCF-41B1-AAF0-D06C4663D4FD}.Release|Mixed Platforms.ActiveCfg = Release|Any CPU
		{58BEA286-5BCF-41B1-AAF0-D06C4663D4FD}.Release|Mixed Platforms.Build.0 = Release|Any CPU
		{58BEA286-5BCF-41B1-AAF0-D06C4663D4FD}.Release|x64.ActiveCfg = Release|Any CPU
		{58BEA286-5BCF-41B1-AAF0-D06C4663D4FD}.Release|x86.ActiveCfg = Release|Any CPU
		{F536C6C8-9FDC-4968-B6C3-4A82A3825DBF}.Debug|Any CPU.ActiveCfg = Debug|Any CPU
		{F536C6C8-9FDC-4968-B6C3-4A82A3825DBF}.Debug|Any CPU.Build.0 = Debug|Any CPU
		{F536C6C8-9FDC-4968-B6C3-4A82A3825DBF}.Debug|Mixed Platforms.ActiveCfg = Debug|Any CPU
		{F536C6C8-9FDC-4968-B6C3-4A82A3825DBF}.Debug|Mixed Platforms.Build.0 = Debug|Any CPU
		{F536C6C8-9FDC-4968-B6C3-4A82A3825DBF}.Debug|x64.ActiveCfg = Debug|Any CPU
		{F536C6C8-9FDC-4968-B6C3-4A82A3825DBF}.Debug|x64.Build.0 = Debug|Any CPU
		{F536C6C8-9FDC-4968-B6C3-4A82A3825DBF}.Debug|x86.ActiveCfg = Debug|Any CPU
		{F536C6C8-9FDC-4968-B6C3-4A82A3825DBF}.Release|Any CPU.ActiveCfg = Release|Any CPU
		{F536C6C8-9FDC-4968-B6C3-4A82A3825DBF}.Release|Any CPU.Build.0 = Release|Any CPU
		{F536C6C8-9FDC-4968-B6C3-4A82A3825DBF}.Release|Mixed Platforms.ActiveCfg = Release|Any CPU
		{F536C6C8-9FDC-4968-B6C3-4A82A3825DBF}.Release|Mixed Platforms.Build.0 = Release|Any CPU
		{F536C6C8-9FDC-4968-B6C3-4A82A3825DBF}.Release|x64.ActiveCfg = Release|Any CPU
		{F536C6C8-9FDC-4968-B6C3-4A82A3825DBF}.Release|x86.ActiveCfg = Release|Any CPU
		{B15BB8E7-5DE4-4A0D-9463-4F6F5E84296F}.Debug|Any CPU.ActiveCfg = Debug|Any CPU
		{B15BB8E7-5DE4-4A0D-9463-4F6F5E84296F}.Debug|Any CPU.Build.0 = Debug|Any CPU
		{B15BB8E7-5DE4-4A0D-9463-4F6F5E84296F}.Debug|Mixed Platforms.ActiveCfg = Debug|Any CPU
		{B15BB8E7-5DE4-4A0D-9463-4F6F5E84296F}.Debug|Mixed Platforms.Build.0 = Debug|Any CPU
		{B15BB8E7-5DE4-4A0D-9463-4F6F5E84296F}.Debug|x64.ActiveCfg = Debug|Any CPU
		{B15BB8E7-5DE4-4A0D-9463-4F6F5E84296F}.Debug|x64.Build.0 = Debug|Any CPU
		{B15BB8E7-5DE4-4A0D-9463-4F6F5E84296F}.Debug|x86.ActiveCfg = Debug|Any CPU
		{B15BB8E7-5DE4-4A0D-9463-4F6F5E84296F}.Release|Any CPU.ActiveCfg = Release|Any CPU
		{B15BB8E7-5DE4-4A0D-9463-4F6F5E84296F}.Release|Any CPU.Build.0 = Release|Any CPU
		{B15BB8E7-5DE4-4A0D-9463-4F6F5E84296F}.Release|Mixed Platforms.ActiveCfg = Release|Any CPU
		{B15BB8E7-5DE4-4A0D-9463-4F6F5E84296F}.Release|Mixed Platforms.Build.0 = Release|Any CPU
		{B15BB8E7-5DE4-4A0D-9463-4F6F5E84296F}.Release|x64.ActiveCfg = Release|Any CPU
		{B15BB8E7-5DE4-4A0D-9463-4F6F5E84296F}.Release|x86.ActiveCfg = Release|Any CPU
		{7D693C60-B98A-48C5-A9E7-37D54BCDC543}.Debug|Any CPU.ActiveCfg = Debug|Any CPU
		{7D693C60-B98A-48C5-A9E7-37D54BCDC543}.Debug|Any CPU.Build.0 = Debug|Any CPU
		{7D693C60-B98A-48C5-A9E7-37D54BCDC543}.Debug|Mixed Platforms.ActiveCfg = Debug|Any CPU
		{7D693C60-B98A-48C5-A9E7-37D54BCDC543}.Debug|Mixed Platforms.Build.0 = Debug|Any CPU
		{7D693C60-B98A-48C5-A9E7-37D54BCDC543}.Debug|x64.ActiveCfg = Debug|Any CPU
		{7D693C60-B98A-48C5-A9E7-37D54BCDC543}.Debug|x64.Build.0 = Debug|Any CPU
		{7D693C60-B98A-48C5-A9E7-37D54BCDC543}.Debug|x86.ActiveCfg = Debug|Any CPU
		{7D693C60-B98A-48C5-A9E7-37D54BCDC543}.Release|Any CPU.ActiveCfg = Release|Any CPU
		{7D693C60-B98A-48C5-A9E7-37D54BCDC543}.Release|Any CPU.Build.0 = Release|Any CPU
		{7D693C60-B98A-48C5-A9E7-37D54BCDC543}.Release|Mixed Platforms.ActiveCfg = Release|Any CPU
		{7D693C60-B98A-48C5-A9E7-37D54BCDC543}.Release|Mixed Platforms.Build.0 = Release|Any CPU
		{7D693C60-B98A-48C5-A9E7-37D54BCDC543}.Release|x64.ActiveCfg = Release|Any CPU
		{7D693C60-B98A-48C5-A9E7-37D54BCDC543}.Release|x86.ActiveCfg = Release|Any CPU
		{FA243B9A-1563-4681-B66F-86399C8D9769}.Debug|Any CPU.ActiveCfg = Debug|Any CPU
		{FA243B9A-1563-4681-B66F-86399C8D9769}.Debug|Any CPU.Build.0 = Debug|Any CPU
		{FA243B9A-1563-4681-B66F-86399C8D9769}.Debug|Mixed Platforms.ActiveCfg = Debug|Any CPU
		{FA243B9A-1563-4681-B66F-86399C8D9769}.Debug|Mixed Platforms.Build.0 = Debug|Any CPU
		{FA243B9A-1563-4681-B66F-86399C8D9769}.Debug|x64.ActiveCfg = Debug|Any CPU
		{FA243B9A-1563-4681-B66F-86399C8D9769}.Debug|x86.ActiveCfg = Debug|Any CPU
		{FA243B9A-1563-4681-B66F-86399C8D9769}.Release|Any CPU.ActiveCfg = Release|Any CPU
		{FA243B9A-1563-4681-B66F-86399C8D9769}.Release|Any CPU.Build.0 = Release|Any CPU
		{FA243B9A-1563-4681-B66F-86399C8D9769}.Release|Mixed Platforms.ActiveCfg = Release|Any CPU
		{FA243B9A-1563-4681-B66F-86399C8D9769}.Release|Mixed Platforms.Build.0 = Release|Any CPU
		{FA243B9A-1563-4681-B66F-86399C8D9769}.Release|x64.ActiveCfg = Release|Any CPU
		{FA243B9A-1563-4681-B66F-86399C8D9769}.Release|x86.ActiveCfg = Release|Any CPU
		{B2A5EEBF-504B-4D66-BA8D-D3A76F07FAC0}.Debug|Any CPU.ActiveCfg = Debug|Any CPU
		{B2A5EEBF-504B-4D66-BA8D-D3A76F07FAC0}.Debug|Any CPU.Build.0 = Debug|Any CPU
		{B2A5EEBF-504B-4D66-BA8D-D3A76F07FAC0}.Debug|Mixed Platforms.ActiveCfg = Debug|Any CPU
		{B2A5EEBF-504B-4D66-BA8D-D3A76F07FAC0}.Debug|Mixed Platforms.Build.0 = Debug|Any CPU
		{B2A5EEBF-504B-4D66-BA8D-D3A76F07FAC0}.Debug|x64.ActiveCfg = Debug|Any CPU
		{B2A5EEBF-504B-4D66-BA8D-D3A76F07FAC0}.Debug|x64.Build.0 = Debug|Any CPU
		{B2A5EEBF-504B-4D66-BA8D-D3A76F07FAC0}.Debug|x86.ActiveCfg = Debug|Any CPU
		{B2A5EEBF-504B-4D66-BA8D-D3A76F07FAC0}.Release|Any CPU.ActiveCfg = Release|Any CPU
		{B2A5EEBF-504B-4D66-BA8D-D3A76F07FAC0}.Release|Any CPU.Build.0 = Release|Any CPU
		{B2A5EEBF-504B-4D66-BA8D-D3A76F07FAC0}.Release|Mixed Platforms.ActiveCfg = Release|Any CPU
		{B2A5EEBF-504B-4D66-BA8D-D3A76F07FAC0}.Release|Mixed Platforms.Build.0 = Release|Any CPU
		{B2A5EEBF-504B-4D66-BA8D-D3A76F07FAC0}.Release|x64.ActiveCfg = Release|Any CPU
		{B2A5EEBF-504B-4D66-BA8D-D3A76F07FAC0}.Release|x86.ActiveCfg = Release|Any CPU
		{F7304DE8-237B-47A7-8C62-FED1497662AF}.Debug|Any CPU.ActiveCfg = Debug|Any CPU
		{F7304DE8-237B-47A7-8C62-FED1497662AF}.Debug|Any CPU.Build.0 = Debug|Any CPU
		{F7304DE8-237B-47A7-8C62-FED1497662AF}.Debug|Mixed Platforms.ActiveCfg = Debug|Any CPU
		{F7304DE8-237B-47A7-8C62-FED1497662AF}.Debug|Mixed Platforms.Build.0 = Debug|Any CPU
		{F7304DE8-237B-47A7-8C62-FED1497662AF}.Debug|x64.ActiveCfg = Debug|Any CPU
		{F7304DE8-237B-47A7-8C62-FED1497662AF}.Debug|x64.Build.0 = Debug|Any CPU
		{F7304DE8-237B-47A7-8C62-FED1497662AF}.Debug|x86.ActiveCfg = Debug|Any CPU
		{F7304DE8-237B-47A7-8C62-FED1497662AF}.Release|Any CPU.ActiveCfg = Release|Any CPU
		{F7304DE8-237B-47A7-8C62-FED1497662AF}.Release|Any CPU.Build.0 = Release|Any CPU
		{F7304DE8-237B-47A7-8C62-FED1497662AF}.Release|Mixed Platforms.ActiveCfg = Release|Any CPU
		{F7304DE8-237B-47A7-8C62-FED1497662AF}.Release|Mixed Platforms.Build.0 = Release|Any CPU
		{F7304DE8-237B-47A7-8C62-FED1497662AF}.Release|x64.ActiveCfg = Release|Any CPU
		{F7304DE8-237B-47A7-8C62-FED1497662AF}.Release|x86.ActiveCfg = Release|Any CPU
		{06876CD4-6EEB-4B67-900A-2147F9DC9DBF}.Debug|Any CPU.ActiveCfg = Debug|Any CPU
		{06876CD4-6EEB-4B67-900A-2147F9DC9DBF}.Debug|Any CPU.Build.0 = Debug|Any CPU
		{06876CD4-6EEB-4B67-900A-2147F9DC9DBF}.Debug|Mixed Platforms.ActiveCfg = Debug|Any CPU
		{06876CD4-6EEB-4B67-900A-2147F9DC9DBF}.Debug|Mixed Platforms.Build.0 = Debug|Any CPU
		{06876CD4-6EEB-4B67-900A-2147F9DC9DBF}.Debug|x64.ActiveCfg = Debug|Any CPU
		{06876CD4-6EEB-4B67-900A-2147F9DC9DBF}.Debug|x64.Build.0 = Debug|Any CPU
		{06876CD4-6EEB-4B67-900A-2147F9DC9DBF}.Debug|x86.ActiveCfg = Debug|Any CPU
		{06876CD4-6EEB-4B67-900A-2147F9DC9DBF}.Release|Any CPU.ActiveCfg = Release|Any CPU
		{06876CD4-6EEB-4B67-900A-2147F9DC9DBF}.Release|Any CPU.Build.0 = Release|Any CPU
		{06876CD4-6EEB-4B67-900A-2147F9DC9DBF}.Release|Mixed Platforms.ActiveCfg = Release|Any CPU
		{06876CD4-6EEB-4B67-900A-2147F9DC9DBF}.Release|Mixed Platforms.Build.0 = Release|Any CPU
		{06876CD4-6EEB-4B67-900A-2147F9DC9DBF}.Release|x64.ActiveCfg = Release|Any CPU
		{06876CD4-6EEB-4B67-900A-2147F9DC9DBF}.Release|x86.ActiveCfg = Release|Any CPU
		{52CE71D7-C408-4923-9ADC-D0793A13C9C4}.Debug|Any CPU.ActiveCfg = Debug|Any CPU
		{52CE71D7-C408-4923-9ADC-D0793A13C9C4}.Debug|Any CPU.Build.0 = Debug|Any CPU
		{52CE71D7-C408-4923-9ADC-D0793A13C9C4}.Debug|Mixed Platforms.ActiveCfg = Debug|Any CPU
		{52CE71D7-C408-4923-9ADC-D0793A13C9C4}.Debug|Mixed Platforms.Build.0 = Debug|Any CPU
		{52CE71D7-C408-4923-9ADC-D0793A13C9C4}.Debug|x64.ActiveCfg = Debug|Any CPU
		{52CE71D7-C408-4923-9ADC-D0793A13C9C4}.Debug|x86.ActiveCfg = Debug|Any CPU
		{52CE71D7-C408-4923-9ADC-D0793A13C9C4}.Release|Any CPU.ActiveCfg = Release|Any CPU
		{52CE71D7-C408-4923-9ADC-D0793A13C9C4}.Release|Any CPU.Build.0 = Release|Any CPU
		{52CE71D7-C408-4923-9ADC-D0793A13C9C4}.Release|Mixed Platforms.ActiveCfg = Release|Any CPU
		{52CE71D7-C408-4923-9ADC-D0793A13C9C4}.Release|Mixed Platforms.Build.0 = Release|Any CPU
		{52CE71D7-C408-4923-9ADC-D0793A13C9C4}.Release|x64.ActiveCfg = Release|Any CPU
		{52CE71D7-C408-4923-9ADC-D0793A13C9C4}.Release|x86.ActiveCfg = Release|Any CPU
		{2652C7E3-AE33-425A-9B73-4877D3B3CFD5}.Debug|Any CPU.ActiveCfg = Debug|Any CPU
		{2652C7E3-AE33-425A-9B73-4877D3B3CFD5}.Debug|Any CPU.Build.0 = Debug|Any CPU
		{2652C7E3-AE33-425A-9B73-4877D3B3CFD5}.Debug|Mixed Platforms.ActiveCfg = Debug|Any CPU
		{2652C7E3-AE33-425A-9B73-4877D3B3CFD5}.Debug|Mixed Platforms.Build.0 = Debug|Any CPU
		{2652C7E3-AE33-425A-9B73-4877D3B3CFD5}.Debug|x64.ActiveCfg = Debug|Any CPU
		{2652C7E3-AE33-425A-9B73-4877D3B3CFD5}.Debug|x86.ActiveCfg = Debug|Any CPU
		{2652C7E3-AE33-425A-9B73-4877D3B3CFD5}.Release|Any CPU.ActiveCfg = Release|Any CPU
		{2652C7E3-AE33-425A-9B73-4877D3B3CFD5}.Release|Any CPU.Build.0 = Release|Any CPU
		{2652C7E3-AE33-425A-9B73-4877D3B3CFD5}.Release|Mixed Platforms.ActiveCfg = Release|Any CPU
		{2652C7E3-AE33-425A-9B73-4877D3B3CFD5}.Release|Mixed Platforms.Build.0 = Release|Any CPU
		{2652C7E3-AE33-425A-9B73-4877D3B3CFD5}.Release|x64.ActiveCfg = Release|Any CPU
		{2652C7E3-AE33-425A-9B73-4877D3B3CFD5}.Release|x86.ActiveCfg = Release|Any CPU
	EndGlobalSection
	GlobalSection(SolutionProperties) = preSolution
		HideSolutionNode = FALSE
	EndGlobalSection
	GlobalSection(NestedProjects) = preSolution
		{BBC18FC7-4ED1-4A6A-8E1B-E05035FF85D8} = {7CD7226D-7C95-400E-B6D5-4D6BD654E718}
		{B3574B49-8C3C-4CD8-929C-1F767656B4EB} = {7CD7226D-7C95-400E-B6D5-4D6BD654E718}
		{64782F97-2F28-479F-90FD-FFE55C884EEA} = {7CD7226D-7C95-400E-B6D5-4D6BD654E718}
		{E9C0CE2F-6645-41AB-AE80-2D8D63DA1A61} = {7CD7226D-7C95-400E-B6D5-4D6BD654E718}
		{5BC8FE69-C985-4B78-86F2-441A82FB435F} = {7CD7226D-7C95-400E-B6D5-4D6BD654E718}
		{3FB76655-E579-4832-A014-4B68893CF1E1} = {7CD7226D-7C95-400E-B6D5-4D6BD654E718}
		{58BEA286-5BCF-41B1-AAF0-D06C4663D4FD} = {7CD7226D-7C95-400E-B6D5-4D6BD654E718}
		{B15BB8E7-5DE4-4A0D-9463-4F6F5E84296F} = {7CD7226D-7C95-400E-B6D5-4D6BD654E718}
		{7D693C60-B98A-48C5-A9E7-37D54BCDC543} = {7CD7226D-7C95-400E-B6D5-4D6BD654E718}
		{FA243B9A-1563-4681-B66F-86399C8D9769} = {7CD7226D-7C95-400E-B6D5-4D6BD654E718}
		{B2A5EEBF-504B-4D66-BA8D-D3A76F07FAC0} = {7CD7226D-7C95-400E-B6D5-4D6BD654E718}
		{F7304DE8-237B-47A7-8C62-FED1497662AF} = {7CD7226D-7C95-400E-B6D5-4D6BD654E718}
		{06876CD4-6EEB-4B67-900A-2147F9DC9DBF} = {7CD7226D-7C95-400E-B6D5-4D6BD654E718}
		{2652C7E3-AE33-425A-9B73-4877D3B3CFD5} = {7CD7226D-7C95-400E-B6D5-4D6BD654E718}
		{00CCC284-4E0D-408F-BDD4-B56C02E35332} = {51472989-ABE6-4B6A-ABE2-C485DA11F6BC}
		{F536C6C8-9FDC-4968-B6C3-4A82A3825DBF} = {51472989-ABE6-4B6A-ABE2-C485DA11F6BC}
		{52CE71D7-C408-4923-9ADC-D0793A13C9C4} = {51472989-ABE6-4B6A-ABE2-C485DA11F6BC}
	EndGlobalSection
EndGlobal
